// !$*UTF8*$!
{
	archiveVersion = 1;
	classes = {
	};
	objectVersion = 46;
	objects = {

/* Begin PBXBuildFile section */
		7FD6B4E417163A44000EFEA7 /* Cocoa.framework in Frameworks */ = {isa = PBXBuildFile; fileRef = 7FD6B4E317163A44000EFEA7 /* Cocoa.framework */; };
		7FD6B4F017163A44000EFEA7 /* main.m in Sources */ = {isa = PBXBuildFile; fileRef = 7FD6B4EF17163A44000EFEA7 /* main.m */; };
		7FD6B51417163C6C000EFEA7 /* Allegro-5.0.framework in Frameworks */ = {isa = PBXBuildFile; fileRef = 7FD6B50A17163C6C000EFEA7 /* Allegro-5.0.framework */; };
		7FD6B51517163C6C000EFEA7 /* AllegroAcodec-5.0.framework in Frameworks */ = {isa = PBXBuildFile; fileRef = 7FD6B50B17163C6C000EFEA7 /* AllegroAcodec-5.0.framework */; };
		7FD6B51617163C6C000EFEA7 /* AllegroAudio-5.0.framework in Frameworks */ = {isa = PBXBuildFile; fileRef = 7FD6B50C17163C6C000EFEA7 /* AllegroAudio-5.0.framework */; };
		7FD6B51717163C6C000EFEA7 /* AllegroColor-5.0.framework in Frameworks */ = {isa = PBXBuildFile; fileRef = 7FD6B50D17163C6C000EFEA7 /* AllegroColor-5.0.framework */; };
		7FD6B51817163C6C000EFEA7 /* AllegroDialog-5.0.framework in Frameworks */ = {isa = PBXBuildFile; fileRef = 7FD6B50E17163C6C000EFEA7 /* AllegroDialog-5.0.framework */; };
		7FD6B51917163C6C000EFEA7 /* AllegroFont-5.0.framework in Frameworks */ = {isa = PBXBuildFile; fileRef = 7FD6B50F17163C6C000EFEA7 /* AllegroFont-5.0.framework */; };
		7FD6B51A17163C6C000EFEA7 /* AllegroImage-5.0.framework in Frameworks */ = {isa = PBXBuildFile; fileRef = 7FD6B51017163C6C000EFEA7 /* AllegroImage-5.0.framework */; };
		7FD6B51B17163C6C000EFEA7 /* AllegroMain-5.0.framework in Frameworks */ = {isa = PBXBuildFile; fileRef = 7FD6B51117163C6C000EFEA7 /* AllegroMain-5.0.framework */; };
		7FD6B51C17163C6C000EFEA7 /* AllegroMemfile-5.0.framework in Frameworks */ = {isa = PBXBuildFile; fileRef = 7FD6B51217163C6C000EFEA7 /* AllegroMemfile-5.0.framework */; };
		7FD6B51D17163C6C000EFEA7 /* AllegroPrimitives-5.0.framework in Frameworks */ = {isa = PBXBuildFile; fileRef = 7FD6B51317163C6C000EFEA7 /* AllegroPrimitives-5.0.framework */; };
		7FD6B51E17163C97000EFEA7 /* Allegro-5.0.framework in CopyFiles */ = {isa = PBXBuildFile; fileRef = 7FD6B50A17163C6C000EFEA7 /* Allegro-5.0.framework */; };
		7FD6B51F17163C97000EFEA7 /* AllegroAcodec-5.0.framework in CopyFiles */ = {isa = PBXBuildFile; fileRef = 7FD6B50B17163C6C000EFEA7 /* AllegroAcodec-5.0.framework */; };
		7FD6B52017163C97000EFEA7 /* AllegroAudio-5.0.framework in CopyFiles */ = {isa = PBXBuildFile; fileRef = 7FD6B50C17163C6C000EFEA7 /* AllegroAudio-5.0.framework */; };
		7FD6B52117163C97000EFEA7 /* AllegroColor-5.0.framework in CopyFiles */ = {isa = PBXBuildFile; fileRef = 7FD6B50D17163C6C000EFEA7 /* AllegroColor-5.0.framework */; };
		7FD6B52217163C97000EFEA7 /* AllegroDialog-5.0.framework in CopyFiles */ = {isa = PBXBuildFile; fileRef = 7FD6B50E17163C6C000EFEA7 /* AllegroDialog-5.0.framework */; };
		7FD6B52317163C97000EFEA7 /* AllegroFont-5.0.framework in CopyFiles */ = {isa = PBXBuildFile; fileRef = 7FD6B50F17163C6C000EFEA7 /* AllegroFont-5.0.framework */; };
		7FD6B52417163C97000EFEA7 /* AllegroImage-5.0.framework in CopyFiles */ = {isa = PBXBuildFile; fileRef = 7FD6B51017163C6C000EFEA7 /* AllegroImage-5.0.framework */; };
		7FD6B52517163C97000EFEA7 /* AllegroMain-5.0.framework in CopyFiles */ = {isa = PBXBuildFile; fileRef = 7FD6B51117163C6C000EFEA7 /* AllegroMain-5.0.framework */; };
		7FD6B52617163C97000EFEA7 /* AllegroMemfile-5.0.framework in CopyFiles */ = {isa = PBXBuildFile; fileRef = 7FD6B51217163C6C000EFEA7 /* AllegroMemfile-5.0.framework */; };
		7FD6B52717163C97000EFEA7 /* AllegroPrimitives-5.0.framework in CopyFiles */ = {isa = PBXBuildFile; fileRef = 7FD6B51317163C6C000EFEA7 /* AllegroPrimitives-5.0.framework */; };
/* End PBXBuildFile section */

/* Begin PBXCopyFilesBuildPhase section */
		7FD6B4FE17163A6D000EFEA7 /* CopyFiles */ = {
			isa = PBXCopyFilesBuildPhase;
			buildActionMask = 2147483647;
			dstPath = "";
			dstSubfolderSpec = 10;
			files = (
				7FD6B51E17163C97000EFEA7 /* Allegro-5.0.framework in CopyFiles */,
				7FD6B51F17163C97000EFEA7 /* AllegroAcodec-5.0.framework in CopyFiles */,
				7FD6B52017163C97000EFEA7 /* AllegroAudio-5.0.framework in CopyFiles */,
				7FD6B52117163C97000EFEA7 /* AllegroColor-5.0.framework in CopyFiles */,
				7FD6B52217163C97000EFEA7 /* AllegroDialog-5.0.framework in CopyFiles */,
				7FD6B52317163C97000EFEA7 /* AllegroFont-5.0.framework in CopyFiles */,
				7FD6B52417163C97000EFEA7 /* AllegroImage-5.0.framework in CopyFiles */,
				7FD6B52517163C97000EFEA7 /* AllegroMain-5.0.framework in CopyFiles */,
				7FD6B52617163C97000EFEA7 /* AllegroMemfile-5.0.framework in CopyFiles */,
				7FD6B52717163C97000EFEA7 /* AllegroPrimitives-5.0.framework in CopyFiles */,
			);
			runOnlyForDeploymentPostprocessing = 0;
		};
/* End PBXCopyFilesBuildPhase section */

/* Begin PBXFileReference section */
		7FD6B4E017163A44000EFEA7 /* tutorial1_makingDisplay.app */ = {isa = PBXFileReference; explicitFileType = wrapper.application; includeInIndex = 0; path = tutorial1_makingDisplay.app; sourceTree = BUILT_PRODUCTS_DIR; };
		7FD6B4E317163A44000EFEA7 /* Cocoa.framework */ = {isa = PBXFileReference; lastKnownFileType = wrapper.framework; name = Cocoa.framework; path = System/Library/Frameworks/Cocoa.framework; sourceTree = SDKROOT; };
		7FD6B4E617163A44000EFEA7 /* AppKit.framework */ = {isa = PBXFileReference; lastKnownFileType = wrapper.framework; name = AppKit.framework; path = System/Library/Frameworks/AppKit.framework; sourceTree = SDKROOT; };
		7FD6B4E717163A44000EFEA7 /* CoreData.framework */ = {isa = PBXFileReference; lastKnownFileType = wrapper.framework; name = CoreData.framework; path = System/Library/Frameworks/CoreData.framework; sourceTree = SDKROOT; };
		7FD6B4E817163A44000EFEA7 /* Foundation.framework */ = {isa = PBXFileReference; lastKnownFileType = wrapper.framework; name = Foundation.framework; path = System/Library/Frameworks/Foundation.framework; sourceTree = SDKROOT; };
		7FD6B4EB17163A44000EFEA7 /* tutorial1_makingDisplay-Info.plist */ = {isa = PBXFileReference; lastKnownFileType = text.plist.xml; path = "tutorial1_makingDisplay-Info.plist"; sourceTree = "<group>"; };
		7FD6B4EF17163A44000EFEA7 /* main.m */ = {isa = PBXFileReference; lastKnownFileType = sourcecode.c.objc; path = main.m; sourceTree = "<group>"; };
		7FD6B50A17163C6C000EFEA7 /* Allegro-5.0.framework */ = {isa = PBXFileReference; lastKnownFileType = wrapper.framework; name = "Allegro-5.0.framework"; path = "../../../../../allegro/build/deps/lib/RelWithDebInfo/Allegro-5.0.framework"; sourceTree = "<group>"; };
		7FD6B50B17163C6C000EFEA7 /* AllegroAcodec-5.0.framework */ = {isa = PBXFileReference; lastKnownFileType = wrapper.framework; name = "AllegroAcodec-5.0.framework"; path = "../../../../../allegro/build/deps/lib/RelWithDebInfo/AllegroAcodec-5.0.framework"; sourceTree = "<group>"; };
		7FD6B50C17163C6C000EFEA7 /* AllegroAudio-5.0.framework */ = {isa = PBXFileReference; lastKnownFileType = wrapper.framework; name = "AllegroAudio-5.0.framework"; path = "../../../../../allegro/build/deps/lib/RelWithDebInfo/AllegroAudio-5.0.framework"; sourceTree = "<group>"; };
		7FD6B50D17163C6C000EFEA7 /* AllegroColor-5.0.framework */ = {isa = PBXFileReference; lastKnownFileType = wrapper.framework; name = "AllegroColor-5.0.framework"; path = "../../../../../allegro/build/deps/lib/RelWithDebInfo/AllegroColor-5.0.framework"; sourceTree = "<group>"; };
		7FD6B50E17163C6C000EFEA7 /* AllegroDialog-5.0.framework */ = {isa = PBXFileReference; lastKnownFileType = wrapper.framework; name = "AllegroDialog-5.0.framework"; path = "../../../../../allegro/build/deps/lib/RelWithDebInfo/AllegroDialog-5.0.framework"; sourceTree = "<group>"; };
		7FD6B50F17163C6C000EFEA7 /* AllegroFont-5.0.framework */ = {isa = PBXFileReference; lastKnownFileType = wrapper.framework; name = "AllegroFont-5.0.framework"; path = "../../../../../allegro/build/deps/lib/RelWithDebInfo/AllegroFont-5.0.framework"; sourceTree = "<group>"; };
		7FD6B51017163C6C000EFEA7 /* AllegroImage-5.0.framework */ = {isa = PBXFileReference; lastKnownFileType = wrapper.framework; name = "AllegroImage-5.0.framework"; path = "../../../../../allegro/build/deps/lib/RelWithDebInfo/AllegroImage-5.0.framework"; sourceTree = "<group>"; };
		7FD6B51117163C6C000EFEA7 /* AllegroMain-5.0.framework */ = {isa = PBXFileReference; lastKnownFileType = wrapper.framework; name = "AllegroMain-5.0.framework"; path = "../../../../../allegro/build/deps/lib/RelWithDebInfo/AllegroMain-5.0.framework"; sourceTree = "<group>"; };
		7FD6B51217163C6C000EFEA7 /* AllegroMemfile-5.0.framework */ = {isa = PBXFileReference; lastKnownFileType = wrapper.framework; name = "AllegroMemfile-5.0.framework"; path = "../../../../../allegro/build/deps/lib/RelWithDebInfo/AllegroMemfile-5.0.framework"; sourceTree = "<group>"; };
		7FD6B51317163C6C000EFEA7 /* AllegroPrimitives-5.0.framework */ = {isa = PBXFileReference; lastKnownFileType = wrapper.framework; name = "AllegroPrimitives-5.0.framework"; path = "../../../../../allegro/build/deps/lib/RelWithDebInfo/AllegroPrimitives-5.0.framework"; sourceTree = "<group>"; };
/* End PBXFileReference section */

/* Begin PBXFrameworksBuildPhase section */
		7FD6B4DD17163A44000EFEA7 /* Frameworks */ = {
			isa = PBXFrameworksBuildPhase;
			buildActionMask = 2147483647;
			files = (
				7FD6B51417163C6C000EFEA7 /* Allegro-5.0.framework in Frameworks */,
				7FD6B51517163C6C000EFEA7 /* AllegroAcodec-5.0.framework in Frameworks */,
				7FD6B51617163C6C000EFEA7 /* AllegroAudio-5.0.framework in Frameworks */,
				7FD6B51717163C6C000EFEA7 /* AllegroColor-5.0.framework in Frameworks */,
				7FD6B51817163C6C000EFEA7 /* AllegroDialog-5.0.framework in Frameworks */,
				7FD6B51917163C6C000EFEA7 /* AllegroFont-5.0.framework in Frameworks */,
				7FD6B51A17163C6C000EFEA7 /* AllegroImage-5.0.framework in Frameworks */,
				7FD6B51B17163C6C000EFEA7 /* AllegroMain-5.0.framework in Frameworks */,
				7FD6B51C17163C6C000EFEA7 /* AllegroMemfile-5.0.framework in Frameworks */,
				7FD6B51D17163C6C000EFEA7 /* AllegroPrimitives-5.0.framework in Frameworks */,
				7FD6B4E417163A44000EFEA7 /* Cocoa.framework in Frameworks */,
			);
			runOnlyForDeploymentPostprocessing = 0;
		};
/* End PBXFrameworksBuildPhase section */

/* Begin PBXGroup section */
		7FD6B4D5171639AD000EFEA7 = {
			isa = PBXGroup;
			children = (
				7FD6B4E917163A44000EFEA7 /* tutorial1_makingDisplay */,
				7FD6B4E217163A44000EFEA7 /* Frameworks */,
				7FD6B4E117163A44000EFEA7 /* Products */,
			);
			sourceTree = "<group>";
		};
		7FD6B4E117163A44000EFEA7 /* Products */ = {
			isa = PBXGroup;
			children = (
				7FD6B4E017163A44000EFEA7 /* tutorial1_makingDisplay.app */,
			);
			name = Products;
			sourceTree = "<group>";
		};
		7FD6B4E217163A44000EFEA7 /* Frameworks */ = {
			isa = PBXGroup;
			children = (
				7FD6B50A17163C6C000EFEA7 /* Allegro-5.0.framework */,
				7FD6B50B17163C6C000EFEA7 /* AllegroAcodec-5.0.framework */,
				7FD6B50C17163C6C000EFEA7 /* AllegroAudio-5.0.framework */,
				7FD6B50D17163C6C000EFEA7 /* AllegroColor-5.0.framework */,
				7FD6B50E17163C6C000EFEA7 /* AllegroDialog-5.0.framework */,
				7FD6B50F17163C6C000EFEA7 /* AllegroFont-5.0.framework */,
				7FD6B51017163C6C000EFEA7 /* AllegroImage-5.0.framework */,
				7FD6B51117163C6C000EFEA7 /* AllegroMain-5.0.framework */,
				7FD6B51217163C6C000EFEA7 /* AllegroMemfile-5.0.framework */,
				7FD6B51317163C6C000EFEA7 /* AllegroPrimitives-5.0.framework */,
				7FD6B4E317163A44000EFEA7 /* Cocoa.framework */,
				7FD6B4E517163A44000EFEA7 /* Other Frameworks */,
			);
			name = Frameworks;
			sourceTree = "<group>";
		};
		7FD6B4E517163A44000EFEA7 /* Other Frameworks */ = {
			isa = PBXGroup;
			children = (
				7FD6B4E617163A44000EFEA7 /* AppKit.framework */,
				7FD6B4E717163A44000EFEA7 /* CoreData.framework */,
				7FD6B4E817163A44000EFEA7 /* Foundation.framework */,
			);
			name = "Other Frameworks";
			sourceTree = "<group>";
		};
		7FD6B4E917163A44000EFEA7 /* tutorial1_makingDisplay */ = {
			isa = PBXGroup;
			children = (
				7FD6B4EB17163A44000EFEA7 /* tutorial1_makingDisplay-Info.plist */,
				7FD6B4EF17163A44000EFEA7 /* main.m */,
			);
			path = tutorial1_makingDisplay;
			sourceTree = "<group>";
		};
/* End PBXGroup section */

/* Begin PBXNativeTarget section */
		7FD6B4DF17163A44000EFEA7 /* tutorial1_makingDisplay */ = {
			isa = PBXNativeTarget;
			buildConfigurationList = 7FD6B4FB17163A44000EFEA7 /* Build configuration list for PBXNativeTarget "tutorial1_makingDisplay" */;
			buildPhases = (
				7FD6B4DC17163A44000EFEA7 /* Sources */,
				7FD6B4DD17163A44000EFEA7 /* Frameworks */,
				7FD6B4DE17163A44000EFEA7 /* Resources */,
				7FD6B4FE17163A6D000EFEA7 /* CopyFiles */,
			);
			buildRules = (
			);
			dependencies = (
			);
			name = tutorial1_makingDisplay;
			productName = tutorial1_makingDisplay;
			productReference = 7FD6B4E017163A44000EFEA7 /* tutorial1_makingDisplay.app */;
			productType = "com.apple.product-type.application";
		};
/* End PBXNativeTarget section */

/* Begin PBXProject section */
		7FD6B4D6171639AD000EFEA7 /* Project object */ = {
			isa = PBXProject;
			attributes = {
				LastUpgradeCheck = 0460;
			};
			buildConfigurationList = 7FD6B4D9171639AD000EFEA7 /* Build configuration list for PBXProject "tutorial1_makingdisplay" */;
			compatibilityVersion = "Xcode 3.2";
			developmentRegion = English;
			hasScannedForEncodings = 0;
			knownRegions = (
				en,
			);
			mainGroup = 7FD6B4D5171639AD000EFEA7;
			productRefGroup = 7FD6B4E117163A44000EFEA7 /* Products */;
			projectDirPath = "";
			projectRoot = "";
			targets = (
				7FD6B4DF17163A44000EFEA7 /* tutorial1_makingDisplay */,
			);
		};
/* End PBXProject section */

/* Begin PBXResourcesBuildPhase section */
		7FD6B4DE17163A44000EFEA7 /* Resources */ = {
			isa = PBXResourcesBuildPhase;
			buildActionMask = 2147483647;
			files = (
			);
			runOnlyForDeploymentPostprocessing = 0;
		};
/* End PBXResourcesBuildPhase section */

/* Begin PBXSourcesBuildPhase section */
		7FD6B4DC17163A44000EFEA7 /* Sources */ = {
			isa = PBXSourcesBuildPhase;
			buildActionMask = 2147483647;
			files = (
				7FD6B4F017163A44000EFEA7 /* main.m in Sources */,
			);
			runOnlyForDeploymentPostprocessing = 0;
		};
/* End PBXSourcesBuildPhase section */

/* Begin XCBuildConfiguration section */
		7FD6B4DA171639AD000EFEA7 /* Debug */ = {
			isa = XCBuildConfiguration;
			buildSettings = {
			};
			name = Debug;
		};
		7FD6B4DB171639AD000EFEA7 /* Release */ = {
			isa = XCBuildConfiguration;
			buildSettings = {
			};
			name = Release;
		};
		7FD6B4FC17163A44000EFEA7 /* Debug */ = {
			isa = XCBuildConfiguration;
			buildSettings = {
				ALWAYS_SEARCH_USER_PATHS = NO;
				ARCHS = "$(ARCHS_STANDARD_64_BIT)";
				CLANG_CXX_LANGUAGE_STANDARD = "gnu++0x";
				CLANG_CXX_LIBRARY = "libc++";
				CLANG_ENABLE_OBJC_ARC = YES;
				CLANG_WARN_CONSTANT_CONVERSION = YES;
				CLANG_WARN_EMPTY_BODY = YES;
				CLANG_WARN_ENUM_CONVERSION = YES;
				CLANG_WARN_INT_CONVERSION = YES;
				CLANG_WARN__DUPLICATE_METHOD_MATCH = YES;
				COMBINE_HIDPI_IMAGES = YES;
				COPY_PHASE_STRIP = NO;
				FRAMEWORK_SEARCH_PATHS = /Users/derrickho/allegro/build/deps/lib/RelWithDebInfo;
				GCC_C_LANGUAGE_STANDARD = gnu99;
				GCC_DYNAMIC_NO_PIC = NO;
				GCC_ENABLE_OBJC_EXCEPTIONS = YES;
				GCC_OPTIMIZATION_LEVEL = 0;
				GCC_PRECOMPILE_PREFIX_HEADER = YES;
				GCC_PREPROCESSOR_DEFINITIONS = (
					"DEBUG=1",
					"$(inherited)",
				);
				GCC_SYMBOLS_PRIVATE_EXTERN = NO;
				GCC_WARN_64_TO_32_BIT_CONVERSION = YES;
				GCC_WARN_ABOUT_RETURN_TYPE = YES;
				GCC_WARN_UNINITIALIZED_AUTOS = YES;
				GCC_WARN_UNUSED_VARIABLE = YES;
				HEADER_SEARCH_PATHS = (
					"/Users/derrickho/allegro/build/deps/lib/RelWithDebInfo/Allegro-5.0.framework/Versions/Current/Headers",
					"/Users/derrickho/allegro/build/deps/lib/RelWithDebInfo/AllegroMain-5.0.framework/Versions/Current/Headers",
					"/Users/derrickho/allegro/build/deps/lib/RelWithDebInfo/AllegroAcodec-5.0.framework/Versions/Current/Headers",
					"/Users/derrickho/allegro/build/deps/lib/RelWithDebInfos/AllegroAudio-5.0.framework/Versions/Current/Headers",
					"/Users/derrickho/allegro/build/deps/lib/RelWithDebInfo/AllegroColor-5.0.framework/Versions/Current/Headers",
					"/Users/derrickho/allegro/build/deps/lib/RelWithDebInfo/AllegroDialog-5.0.framework/Versions/Current/Headers",
					"/Users/derrickho/allegro/build/deps/lib/RelWithDebInfo/AllegroFont-5.0.framework/Versions/Current/Headers",
					"/Users/derrickho/allegro/build/deps/lib/RelWithDebInfo/AllegroImage-5.0.framework/Versions/Current/Headers",
					"/Users/derrickho/allegro/build/deps/lib/RelWithDebInfo/AllegroMemfile-5.0.framework/Versions/Current/Headers",
					"/Users/derrickho/allegro/build/deps/lib/RelWithDebInfo/AllegroPhysfs-5.0.framework/Versions/Current/Headers",
					"/Users/derrickho/allegro/build/deps/lib/RelWithDebInfo/AllegroPrimitives-5.0.framework/Versions/Current/Headers",
					"/Users/derrickho/allegro/build/deps/lib/RelWithDebInfo/AllegroTTF-5.0.framework/Versions/Current/Headers",
				);
				INFOPLIST_FILE = "tutorial1_makingDisplay/tutorial1_makingDisplay-Info.plist";
				MACOSX_DEPLOYMENT_TARGET = 10.7;
				ONLY_ACTIVE_ARCH = YES;
				PRODUCT_NAME = "$(TARGET_NAME)";
				SDKROOT = macosx;
				WRAPPER_EXTENSION = app;
			};
			name = Debug;
		};
		7FD6B4FD17163A44000EFEA7 /* Release */ = {
			isa = XCBuildConfiguration;
			buildSettings = {
				ALWAYS_SEARCH_USER_PATHS = NO;
				ARCHS = "$(ARCHS_STANDARD_64_BIT)";
				CLANG_CXX_LANGUAGE_STANDARD = "gnu++0x";
				CLANG_CXX_LIBRARY = "libc++";
				CLANG_ENABLE_OBJC_ARC = YES;
				CLANG_WARN_CONSTANT_CONVERSION = YES;
				CLANG_WARN_EMPTY_BODY = YES;
				CLANG_WARN_ENUM_CONVERSION = YES;
				CLANG_WARN_INT_CONVERSION = YES;
				CLANG_WARN__DUPLICATE_METHOD_MATCH = YES;
				COMBINE_HIDPI_IMAGES = YES;
				COPY_PHASE_STRIP = YES;
				DEBUG_INFORMATION_FORMAT = "dwarf-with-dsym";
				FRAMEWORK_SEARCH_PATHS = /Users/derrickho/allegro/build/deps/lib/RelWithDebInfo;
				GCC_C_LANGUAGE_STANDARD = gnu99;
				GCC_ENABLE_OBJC_EXCEPTIONS = YES;
				GCC_PRECOMPILE_PREFIX_HEADER = YES;
				GCC_WARN_64_TO_32_BIT_CONVERSION = YES;
				GCC_WARN_ABOUT_RETURN_TYPE = YES;
				GCC_WARN_UNINITIALIZED_AUTOS = YES;
				GCC_WARN_UNUSED_VARIABLE = YES;
				HEADER_SEARCH_PATHS = (
					"/Users/derrickho/allegro/build/deps/lib/RelWithDebInfo/Allegro-5.0.framework/Versions/Current/Headers",
					"/Users/derrickho/allegro/build/deps/lib/RelWithDebInfo/AllegroMain-5.0.framework/Versions/Current/Headers",
					"/Users/derrickho/allegro/build/deps/lib/RelWithDebInfo/AllegroAcodec-5.0.framework/Versions/Current/Headers",
					"/Users/derrickho/allegro/build/deps/lib/RelWithDebInfos/AllegroAudio-5.0.framework/Versions/Current/Headers",
					"/Users/derrickho/allegro/build/deps/lib/RelWithDebInfo/AllegroColor-5.0.framework/Versions/Current/Headers",
					"/Users/derrickho/allegro/build/deps/lib/RelWithDebInfo/AllegroDialog-5.0.framework/Versions/Current/Headers",
					"/Users/derrickho/allegro/build/deps/lib/RelWithDebInfo/AllegroFont-5.0.framework/Versions/Current/Headers",
					"/Users/derrickho/allegro/build/deps/lib/RelWithDebInfo/AllegroImage-5.0.framework/Versions/Current/Headers",
					"/Users/derrickho/allegro/build/deps/lib/RelWithDebInfo/AllegroMemfile-5.0.framework/Versions/Current/Headers",
					"/Users/derrickho/allegro/build/deps/lib/RelWithDebInfo/AllegroPhysfs-5.0.framework/Versions/Current/Headers",
					"/Users/derrickho/allegro/build/deps/lib/RelWithDebInfo/AllegroPrimitives-5.0.framework/Versions/Current/Headers",
					"/Users/derrickho/allegro/build/deps/lib/RelWithDebInfo/AllegroTTF-5.0.framework/Versions/Current/Headers",
				);
				INFOPLIST_FILE = "tutorial1_makingDisplay/tutorial1_makingDisplay-Info.plist";
				MACOSX_DEPLOYMENT_TARGET = 10.7;
				PRODUCT_NAME = "$(TARGET_NAME)";
				SDKROOT = macosx;
				WRAPPER_EXTENSION = app;
			};
			name = Release;
		};
/* End XCBuildConfiguration section */

/* Begin XCConfigurationList section */
		7FD6B4D9171639AD000EFEA7 /* Build configuration list for PBXProject "tutorial1_makingdisplay" */ = {
			isa = XCConfigurationList;
			buildConfigurations = (
				7FD6B4DA171639AD000EFEA7 /* Debug */,
				7FD6B4DB171639AD000EFEA7 /* Release */,
			);
			defaultConfigurationIsVisible = 0;
			defaultConfigurationName = Release;
		};
		7FD6B4FB17163A44000EFEA7 /* Build configuration list for PBXNativeTarget "tutorial1_makingDisplay" */ = {
			isa = XCConfigurationList;
			buildConfigurations = (
				7FD6B4FC17163A44000EFEA7 /* Debug */,
				7FD6B4FD17163A44000EFEA7 /* Release */,
			);
			defaultConfigurationIsVisible = 0;
		};
/* End XCConfigurationList section */
	};
	rootObject = 7FD6B4D6171639AD000EFEA7 /* Project object */;
}
